
Microsoft Visual Studio Solution File, Format Version 12.00
# Visual Studio Version 16
VisualStudioVersion = 16.0.30907.101
MinimumVisualStudioVersion = 10.0.40219.1
Project("{FAE04EC0-301F-11D3-BF4B-00C04F79EFBC}") = "MongrelWiki", "MongrelWiki\MongrelWiki.csproj", "{7F588940-D763-49F3-9E93-FBB0C152C626}"
EndProject
Global
	GlobalSection(SolutionConfigurationPlatforms) = preSolution
		Debug|Any CPU = Debug|Any CPU
		Release|Any CPU = Release|Any CPU
	EndGlobalSection
	GlobalSection(ProjectConfigurationPlatforms) = postSolution
		{7F588940-D763-49F3-9E93-FBB0C152C626}.Debug|Any CPU.ActiveCfg = Debug|Any CPU
		{7F588940-D763-49F3-9E93-FBB0C152C626}.Debug|Any CPU.Build.0 = Debug|Any CPU
		{7F588940-D763-49F3-9E93-FBB0C152C626}.Release|Any CPU.ActiveCfg = Release|Any CPU
		{7F588940-D763-49F3-9E93-FBB0C152C626}.Release|Any CPU.Build.0 = Release|Any CPU
	EndGlobalSection
	GlobalSection(SolutionProperties) = preSolution
		HideSolutionNode = FALSE
	EndGlobalSection
	GlobalSection(ExtensibilityGlobals) = postSolution
		SolutionGuid = {BB84A58C-0977-45DC-A4DD-C2AE76285D6D}
	EndGlobalSection
EndGlobal
